
Microsoft Visual Studio Solution File, Format Version 12.00
# Visual Studio 15
VisualStudioVersion = 15.0.28307.902
MinimumVisualStudioVersion = 10.0.40219.1
Project("{2150E333-8FDC-42A3-9474-1A3956D46DE8}") = "Chapter2", "Chapter2", "{8BC1161A-26A5-44F4-A2CD-84B8CDBD1115}"
EndProject
Project("{9A19103F-16F7-4668-BE54-9A1E7A4F7556}") = "LoadDisplaySave", "Chapter2\LoadDisplaySave\LoadDisplaySave.csproj", "{FC3428F5-4952-4735-AF99-9E6225E8465D}"
EndProject
Project("{2150E333-8FDC-42A3-9474-1A3956D46DE8}") = "Chapter4", "Chapter4", "{5AAB6A1B-3A2A-4EAD-A095-1A464C52ADF5}"
EndProject
Project("{9A19103F-16F7-4668-BE54-9A1E7A4F7556}") = "MatObjectTutorial", "Chapter4\MatObjectTutorial\MatObjectTutorial.csproj", "{08826DF2-6421-4496-8E56-575643529BA5}"
EndProject
Project("{9A19103F-16F7-4668-BE54-9A1E7A4F7556}") = "DrawingShapes", "Chapter4\DrawingShapes\DrawingShapes.csproj", "{15B0DBDE-1694-4CB5-AC19-251A165C064A}"
EndProject
Project("{2150E333-8FDC-42A3-9474-1A3956D46DE8}") = "Chapter5", "Chapter5", "{199B7CC5-0609-48A2-8101-179BC8C867BE}"
EndProject
Project("{9A19103F-16F7-4668-BE54-9A1E7A4F7556}") = "FirstImageProcessingSteps", "Chapter5\FirstImageProcessingSteps\FirstImageProcessingSteps.csproj", "{852DEA3D-E4AF-47D3-A1CD-D0276E898039}"
EndProject
Project("{FAE04EC0-301F-11D3-BF4B-00C04F79EFBC}") = "BitwiseOperationsOnImages", "Chapter5\BitwiseOperationsOnImages\BitwiseOperationsOnImages.csproj", "{83408796-E418-47CA-944F-FE9E39ECC0C8}"
EndProject
Global
	GlobalSection(SolutionConfigurationPlatforms) = preSolution
		Debug|Any CPU = Debug|Any CPU
		Release|Any CPU = Release|Any CPU
	EndGlobalSection
	GlobalSection(ProjectConfigurationPlatforms) = postSolution
		{FC3428F5-4952-4735-AF99-9E6225E8465D}.Debug|Any CPU.ActiveCfg = Debug|Any CPU
		{FC3428F5-4952-4735-AF99-9E6225E8465D}.Debug|Any CPU.Build.0 = Debug|Any CPU
		{FC3428F5-4952-4735-AF99-9E6225E8465D}.Release|Any CPU.ActiveCfg = Release|Any CPU
		{FC3428F5-4952-4735-AF99-9E6225E8465D}.Release|Any CPU.Build.0 = Release|Any CPU
		{08826DF2-6421-4496-8E56-575643529BA5}.Debug|Any CPU.ActiveCfg = Debug|Any CPU
		{08826DF2-6421-4496-8E56-575643529BA5}.Debug|Any CPU.Build.0 = Debug|Any CPU
		{08826DF2-6421-4496-8E56-575643529BA5}.Release|Any CPU.ActiveCfg = Release|Any CPU
		{08826DF2-6421-4496-8E56-575643529BA5}.Release|Any CPU.Build.0 = Release|Any CPU
		{15B0DBDE-1694-4CB5-AC19-251A165C064A}.Debug|Any CPU.ActiveCfg = Debug|Any CPU
		{15B0DBDE-1694-4CB5-AC19-251A165C064A}.Debug|Any CPU.Build.0 = Debug|Any CPU
		{15B0DBDE-1694-4CB5-AC19-251A165C064A}.Release|Any CPU.ActiveCfg = Release|Any CPU
		{15B0DBDE-1694-4CB5-AC19-251A165C064A}.Release|Any CPU.Build.0 = Release|Any CPU
		{852DEA3D-E4AF-47D3-A1CD-D0276E898039}.Debug|Any CPU.ActiveCfg = Debug|Any CPU
		{852DEA3D-E4AF-47D3-A1CD-D0276E898039}.Debug|Any CPU.Build.0 = Debug|Any CPU
		{852DEA3D-E4AF-47D3-A1CD-D0276E898039}.Release|Any CPU.ActiveCfg = Release|Any CPU
		{852DEA3D-E4AF-47D3-A1CD-D0276E898039}.Release|Any CPU.Build.0 = Release|Any CPU
		{83408796-E418-47CA-944F-FE9E39ECC0C8}.Debug|Any CPU.ActiveCfg = Debug|Any CPU
		{83408796-E418-47CA-944F-FE9E39ECC0C8}.Debug|Any CPU.Build.0 = Debug|Any CPU
		{83408796-E418-47CA-944F-FE9E39ECC0C8}.Release|Any CPU.ActiveCfg = Release|Any CPU
		{83408796-E418-47CA-944F-FE9E39ECC0C8}.Release|Any CPU.Build.0 = Release|Any CPU
	EndGlobalSection
	GlobalSection(SolutionProperties) = preSolution
		HideSolutionNode = FALSE
	EndGlobalSection
	GlobalSection(NestedProjects) = preSolution
		{FC3428F5-4952-4735-AF99-9E6225E8465D} = {8BC1161A-26A5-44F4-A2CD-84B8CDBD1115}
		{08826DF2-6421-4496-8E56-575643529BA5} = {5AAB6A1B-3A2A-4EAD-A095-1A464C52ADF5}
		{15B0DBDE-1694-4CB5-AC19-251A165C064A} = {5AAB6A1B-3A2A-4EAD-A095-1A464C52ADF5}
		{852DEA3D-E4AF-47D3-A1CD-D0276E898039} = {199B7CC5-0609-48A2-8101-179BC8C867BE}
		{83408796-E418-47CA-944F-FE9E39ECC0C8} = {199B7CC5-0609-48A2-8101-179BC8C867BE}
	EndGlobalSection
	GlobalSection(ExtensibilityGlobals) = postSolution
		SolutionGuid = {BBE2A200-4CAA-4028-A7B3-E5F666652880}
	EndGlobalSection
EndGlobal
